
Microsoft Visual Studio Solution File, Format Version 12.00
# Visual Studio Version 17
VisualStudioVersion = 17.3.32819.101
MinimumVisualStudioVersion = 10.0.40219.1
Project("{FAE04EC0-301F-11D3-BF4B-00C04F79EFBC}") = "Tp1.0_neoris", "Tp1.0_neoris.csproj", "{43DCAB14-6EBD-4AAD-8B75-CC851640D625}"
EndProject
Global
	GlobalSection(SolutionConfigurationPlatforms) = preSolution
		Debug|Any CPU = Debug|Any CPU
		Release|Any CPU = Release|Any CPU
	EndGlobalSection
	GlobalSection(ProjectConfigurationPlatforms) = postSolution
		{43DCAB14-6EBD-4AAD-8B75-CC851640D625}.Debug|Any CPU.ActiveCfg = Debug|Any CPU
		{43DCAB14-6EBD-4AAD-8B75-CC851640D625}.Debug|Any CPU.Build.0 = Debug|Any CPU
		{43DCAB14-6EBD-4AAD-8B75-CC851640D625}.Release|Any CPU.ActiveCfg = Release|Any CPU
		{43DCAB14-6EBD-4AAD-8B75-CC851640D625}.Release|Any CPU.Build.0 = Release|Any CPU
	EndGlobalSection
	GlobalSection(SolutionProperties) = preSolution
		HideSolutionNode = FALSE
	EndGlobalSection
	GlobalSection(ExtensibilityGlobals) = postSolution
		SolutionGuid = {701BBD0E-BCA4-48B4-B718-91A773C6128E}
	EndGlobalSection
EndGlobal
